
Microsoft Visual Studio Solution File, Format Version 12.00
# Visual Studio 2012
Project("{F2A71F9B-5D33-465A-A702-920D77279786}") = "SpiderSolitare", "SpiderSolitare\SpiderSolitare.fsproj", "{A42E2DDD-5DA4-4D03-9B84-0CB5A7E8AB60}"
EndProject
Project("{F2A71F9B-5D33-465A-A702-920D77279786}") = "SpiderSolitarTests", "SpiderSolitarTests\SpiderSolitarTests.fsproj", "{2B8130B4-5723-4F0D-A721-5B1EE8A3D5E0}"
EndProject
Project("{F2A71F9B-5D33-465A-A702-920D77279786}") = "FsCheck.NUnit", "..\FsCheck\src\FsCheck.NUnit\FsCheck.NUnit.fsproj", "{6B1B9FF5-8E6D-4461-9D77-CD1619403684}"
EndProject
Project("{F2A71F9B-5D33-465A-A702-920D77279786}") = "FsCheck", "..\FsCheck\src\FsCheck\FsCheck.fsproj", "{32AA3276-BBA1-41CE-B78A-706B8454EC8D}"
EndProject
Project("{F2A71F9B-5D33-465A-A702-920D77279786}") = "Console", "Console\Console.fsproj", "{22D5FFBA-50B6-4D94-BA7C-21E11D9FA06A}"
EndProject
Project("{F2A71F9B-5D33-465A-A702-920D77279786}") = "Console.Tests", "Console.Tests\Console.Tests.fsproj", "{BB862858-58D9-4759-9E07-F01B26DE9709}"
EndProject
Project("{F2A71F9B-5D33-465A-A702-920D77279786}") = "SpiderConsole.Tests", "SpiderConsole.Tests\SpiderConsole.Tests.fsproj", "{4A5B4DC7-BB63-49C6-80CA-5CDDB1B51C50}"
EndProject
Project("{F2A71F9B-5D33-465A-A702-920D77279786}") = "Analytics", "Analytics\Analytics.fsproj", "{B8D714ED-FFEF-4641-8B5B-998C648C44F3}"
EndProject
Global
	GlobalSection(SolutionConfigurationPlatforms) = preSolution
		Debug|Any CPU = Debug|Any CPU
		Release|Any CPU = Release|Any CPU
	EndGlobalSection
	GlobalSection(ProjectConfigurationPlatforms) = postSolution
		{A42E2DDD-5DA4-4D03-9B84-0CB5A7E8AB60}.Debug|Any CPU.ActiveCfg = Debug|Any CPU
		{A42E2DDD-5DA4-4D03-9B84-0CB5A7E8AB60}.Debug|Any CPU.Build.0 = Debug|Any CPU
		{A42E2DDD-5DA4-4D03-9B84-0CB5A7E8AB60}.Release|Any CPU.ActiveCfg = Release|Any CPU
		{A42E2DDD-5DA4-4D03-9B84-0CB5A7E8AB60}.Release|Any CPU.Build.0 = Release|Any CPU
		{2B8130B4-5723-4F0D-A721-5B1EE8A3D5E0}.Debug|Any CPU.ActiveCfg = Debug|Any CPU
		{2B8130B4-5723-4F0D-A721-5B1EE8A3D5E0}.Debug|Any CPU.Build.0 = Debug|Any CPU
		{2B8130B4-5723-4F0D-A721-5B1EE8A3D5E0}.Release|Any CPU.ActiveCfg = Release|Any CPU
		{2B8130B4-5723-4F0D-A721-5B1EE8A3D5E0}.Release|Any CPU.Build.0 = Release|Any CPU
		{6B1B9FF5-8E6D-4461-9D77-CD1619403684}.Debug|Any CPU.ActiveCfg = Debug|Any CPU
		{6B1B9FF5-8E6D-4461-9D77-CD1619403684}.Debug|Any CPU.Build.0 = Debug|Any CPU
		{6B1B9FF5-8E6D-4461-9D77-CD1619403684}.Release|Any CPU.ActiveCfg = Release|Any CPU
		{6B1B9FF5-8E6D-4461-9D77-CD1619403684}.Release|Any CPU.Build.0 = Release|Any CPU
		{32AA3276-BBA1-41CE-B78A-706B8454EC8D}.Debug|Any CPU.ActiveCfg = Debug|Any CPU
		{32AA3276-BBA1-41CE-B78A-706B8454EC8D}.Debug|Any CPU.Build.0 = Debug|Any CPU
		{32AA3276-BBA1-41CE-B78A-706B8454EC8D}.Release|Any CPU.ActiveCfg = Release|Any CPU
		{32AA3276-BBA1-41CE-B78A-706B8454EC8D}.Release|Any CPU.Build.0 = Release|Any CPU
		{22D5FFBA-50B6-4D94-BA7C-21E11D9FA06A}.Debug|Any CPU.ActiveCfg = Debug|Any CPU
		{22D5FFBA-50B6-4D94-BA7C-21E11D9FA06A}.Debug|Any CPU.Build.0 = Debug|Any CPU
		{22D5FFBA-50B6-4D94-BA7C-21E11D9FA06A}.Release|Any CPU.ActiveCfg = Release|Any CPU
		{22D5FFBA-50B6-4D94-BA7C-21E11D9FA06A}.Release|Any CPU.Build.0 = Release|Any CPU
		{BB862858-58D9-4759-9E07-F01B26DE9709}.Debug|Any CPU.ActiveCfg = Debug|Any CPU
		{BB862858-58D9-4759-9E07-F01B26DE9709}.Debug|Any CPU.Build.0 = Debug|Any CPU
		{BB862858-58D9-4759-9E07-F01B26DE9709}.Release|Any CPU.ActiveCfg = Release|Any CPU
		{BB862858-58D9-4759-9E07-F01B26DE9709}.Release|Any CPU.Build.0 = Release|Any CPU
		{4A5B4DC7-BB63-49C6-80CA-5CDDB1B51C50}.Debug|Any CPU.ActiveCfg = Debug|Any CPU
		{4A5B4DC7-BB63-49C6-80CA-5CDDB1B51C50}.Debug|Any CPU.Build.0 = Debug|Any CPU
		{4A5B4DC7-BB63-49C6-80CA-5CDDB1B51C50}.Release|Any CPU.ActiveCfg = Release|Any CPU
		{4A5B4DC7-BB63-49C6-80CA-5CDDB1B51C50}.Release|Any CPU.Build.0 = Release|Any CPU
		{B8D714ED-FFEF-4641-8B5B-998C648C44F3}.Debug|Any CPU.ActiveCfg = Debug|Any CPU
		{B8D714ED-FFEF-4641-8B5B-998C648C44F3}.Debug|Any CPU.Build.0 = Debug|Any CPU
		{B8D714ED-FFEF-4641-8B5B-998C648C44F3}.Release|Any CPU.ActiveCfg = Release|Any CPU
		{B8D714ED-FFEF-4641-8B5B-998C648C44F3}.Release|Any CPU.Build.0 = Release|Any CPU
	EndGlobalSection
EndGlobal
