
Microsoft Visual Studio Solution File, Format Version 12.00
# Visual Studio 2012
Project("{f2a71f9b-5d33-465a-a702-920d77279786}") = "SpiderSolitare", "SpiderSolitare\SpiderSolitare.fsproj", "{A42E2DDD-5DA4-4D03-9B84-0CB5A7E8AB60}"
EndProject
Project("{F2A71F9B-5D33-465A-A702-920D77279786}") = "Console", "Console\Console.fsproj", "{AB363D5D-D6A1-4DA3-8A73-01AAC70D0251}"
EndProject
Project("{F2A71F9B-5D33-465A-A702-920D77279786}") = "Console.Tests", "Console.Tests\Console.Tests.fsproj", "{DD7EA119-8B8F-4F80-9843-5BBE7AD0272C}"
EndProject
Global
	GlobalSection(SolutionConfigurationPlatforms) = preSolution
		Debug|Any CPU = Debug|Any CPU
		Release|Any CPU = Release|Any CPU
	EndGlobalSection
	GlobalSection(ProjectConfigurationPlatforms) = postSolution
		{A42E2DDD-5DA4-4D03-9B84-0CB5A7E8AB60}.Debug|Any CPU.ActiveCfg = Debug|Any CPU
		{A42E2DDD-5DA4-4D03-9B84-0CB5A7E8AB60}.Debug|Any CPU.Build.0 = Debug|Any CPU
		{A42E2DDD-5DA4-4D03-9B84-0CB5A7E8AB60}.Release|Any CPU.ActiveCfg = Release|Any CPU
		{A42E2DDD-5DA4-4D03-9B84-0CB5A7E8AB60}.Release|Any CPU.Build.0 = Release|Any CPU
		{2B8130B4-5723-4F0D-A721-5B1EE8A3D5E0}.Debug|Any CPU.ActiveCfg = Debug|Any CPU
		{2B8130B4-5723-4F0D-A721-5B1EE8A3D5E0}.Debug|Any CPU.Build.0 = Debug|Any CPU
		{2B8130B4-5723-4F0D-A721-5B1EE8A3D5E0}.Release|Any CPU.ActiveCfg = Release|Any CPU
		{2B8130B4-5723-4F0D-A721-5B1EE8A3D5E0}.Release|Any CPU.Build.0 = Release|Any CPU
		{6B1B9FF5-8E6D-4461-9D77-CD1619403684}.Debug|Any CPU.ActiveCfg = Debug|Any CPU
		{6B1B9FF5-8E6D-4461-9D77-CD1619403684}.Debug|Any CPU.Build.0 = Debug|Any CPU
		{6B1B9FF5-8E6D-4461-9D77-CD1619403684}.Release|Any CPU.ActiveCfg = Release|Any CPU
		{6B1B9FF5-8E6D-4461-9D77-CD1619403684}.Release|Any CPU.Build.0 = Release|Any CPU
		{32AA3276-BBA1-41CE-B78A-706B8454EC8D}.Debug|Any CPU.ActiveCfg = Debug|Any CPU
		{32AA3276-BBA1-41CE-B78A-706B8454EC8D}.Debug|Any CPU.Build.0 = Debug|Any CPU
		{32AA3276-BBA1-41CE-B78A-706B8454EC8D}.Release|Any CPU.ActiveCfg = Release|Any CPU
		{32AA3276-BBA1-41CE-B78A-706B8454EC8D}.Release|Any CPU.Build.0 = Release|Any CPU
		{5F0AACCF-1C6A-4ADC-86AC-EE7BFB4EA958}.Debug|Any CPU.ActiveCfg = Debug|Any CPU
		{5F0AACCF-1C6A-4ADC-86AC-EE7BFB4EA958}.Debug|Any CPU.Build.0 = Debug|Any CPU
		{5F0AACCF-1C6A-4ADC-86AC-EE7BFB4EA958}.Release|Any CPU.ActiveCfg = Release|Any CPU
		{5F0AACCF-1C6A-4ADC-86AC-EE7BFB4EA958}.Release|Any CPU.Build.0 = Release|Any CPU
		{AB363D5D-D6A1-4DA3-8A73-01AAC70D0251}.Debug|Any CPU.ActiveCfg = Debug|Any CPU
		{AB363D5D-D6A1-4DA3-8A73-01AAC70D0251}.Debug|Any CPU.Build.0 = Debug|Any CPU
		{AB363D5D-D6A1-4DA3-8A73-01AAC70D0251}.Release|Any CPU.ActiveCfg = Release|Any CPU
		{AB363D5D-D6A1-4DA3-8A73-01AAC70D0251}.Release|Any CPU.Build.0 = Release|Any CPU
		{DD7EA119-8B8F-4F80-9843-5BBE7AD0272C}.Debug|Any CPU.ActiveCfg = Debug|Any CPU
		{DD7EA119-8B8F-4F80-9843-5BBE7AD0272C}.Debug|Any CPU.Build.0 = Debug|Any CPU
		{DD7EA119-8B8F-4F80-9843-5BBE7AD0272C}.Release|Any CPU.ActiveCfg = Release|Any CPU
		{DD7EA119-8B8F-4F80-9843-5BBE7AD0272C}.Release|Any CPU.Build.0 = Release|Any CPU
	EndGlobalSection
EndGlobal
